
Microsoft Visual Studio Solution File, Format Version 12.00
# Visual Studio Version 17
VisualStudioVersion = 17.4.33205.214
MinimumVisualStudioVersion = 10.0.40219.1
Project("{FAE04EC0-301F-11D3-BF4B-00C04F79EFBC}") = "SistemaAcademia.Dados", "SistemaAcademia.Dados\SistemaAcademia.Dados.csproj", "{3583A413-048F-4B1D-8F25-5EBB8C4A5EC9}"
EndProject
Project("{FAE04EC0-301F-11D3-BF4B-00C04F79EFBC}") = "SistemaAcademia.App", "SistemaAcademia.App\SistemaAcademia.App.csproj", "{0CA3D576-02D4-4B1F-8D8D-D18BC1DEEEE1}"
EndProject
Global
	GlobalSection(SolutionConfigurationPlatforms) = preSolution
		Debug|Any CPU = Debug|Any CPU
		Release|Any CPU = Release|Any CPU
	EndGlobalSection
	GlobalSection(ProjectConfigurationPlatforms) = postSolution
		{3583A413-048F-4B1D-8F25-5EBB8C4A5EC9}.Debug|Any CPU.ActiveCfg = Debug|Any CPU
		{3583A413-048F-4B1D-8F25-5EBB8C4A5EC9}.Debug|Any CPU.Build.0 = Debug|Any CPU
		{3583A413-048F-4B1D-8F25-5EBB8C4A5EC9}.Release|Any CPU.ActiveCfg = Release|Any CPU
		{3583A413-048F-4B1D-8F25-5EBB8C4A5EC9}.Release|Any CPU.Build.0 = Release|Any CPU
		{0CA3D576-02D4-4B1F-8D8D-D18BC1DEEEE1}.Debug|Any CPU.ActiveCfg = Debug|Any CPU
		{0CA3D576-02D4-4B1F-8D8D-D18BC1DEEEE1}.Debug|Any CPU.Build.0 = Debug|Any CPU
		{0CA3D576-02D4-4B1F-8D8D-D18BC1DEEEE1}.Release|Any CPU.ActiveCfg = Release|Any CPU
		{0CA3D576-02D4-4B1F-8D8D-D18BC1DEEEE1}.Release|Any CPU.Build.0 = Release|Any CPU
	EndGlobalSection
	GlobalSection(SolutionProperties) = preSolution
		HideSolutionNode = FALSE
	EndGlobalSection
	GlobalSection(ExtensibilityGlobals) = postSolution
		SolutionGuid = {D33E9887-F59B-4416-9587-44B503C97F92}
	EndGlobalSection
EndGlobal
